
Microsoft Visual Studio Solution File, Format Version 12.00
# Visual Studio Version 16
VisualStudioVersion = 16.0.29326.143
MinimumVisualStudioVersion = 10.0.40219.1
Project("{FAE04EC0-301F-11D3-BF4B-00C04F79EFBC}") = "Sample", "Sample\Sample.csproj", "{BCCD03D7-E693-4AB1-9F68-F958EFCA343E}"
EndProject
Project("{9A19103F-16F7-4668-BE54-9A1E7A4F7556}") = "ConsoleBuild", "nukeBuild\ConsoleBuild.csproj", "{D8AB2847-1AF4-4B06-B14E-22D875ED608C}"
EndProject
Global
	GlobalSection(SolutionConfigurationPlatforms) = preSolution
		Debug|Any CPU = Debug|Any CPU
		Release|Any CPU = Release|Any CPU
	EndGlobalSection
	GlobalSection(ProjectConfigurationPlatforms) = postSolution
		{D8AB2847-1AF4-4B06-B14E-22D875ED608C}.Debug|Any CPU.ActiveCfg = Debug|Any CPU
		{D8AB2847-1AF4-4B06-B14E-22D875ED608C}.Release|Any CPU.ActiveCfg = Release|Any CPU
		{BCCD03D7-E693-4AB1-9F68-F958EFCA343E}.Debug|Any CPU.ActiveCfg = Debug|Any CPU
		{BCCD03D7-E693-4AB1-9F68-F958EFCA343E}.Debug|Any CPU.Build.0 = Debug|Any CPU
		{BCCD03D7-E693-4AB1-9F68-F958EFCA343E}.Release|Any CPU.ActiveCfg = Release|Any CPU
		{BCCD03D7-E693-4AB1-9F68-F958EFCA343E}.Release|Any CPU.Build.0 = Release|Any CPU
	EndGlobalSection
	GlobalSection(SolutionProperties) = preSolution
		HideSolutionNode = FALSE
	EndGlobalSection
	GlobalSection(ExtensibilityGlobals) = postSolution
		SolutionGuid = {20072ABD-27AF-4668-AE8A-8256AE48365D}
	EndGlobalSection
EndGlobal
